github.com/faiface/mainthread v0.0.0-20171120011319-8b78f0a41ae3 h1:baVdMKlASEHrj19iqjARrPbaRisD7EuZEVJj6ZMLl1Q=
github.com/faiface/mainthread v0.0.0-20171120011319-8b78f0a41ae3/go.mod h1:VEPNJUlxl5KdWjDvz6Q1l+rJlxF2i6xqDeGuGAxa87M=
github.com/go-gl/gl v0.0.0-20211210172815-726fda9656d6 h1:zDw5v7qm4yH7N8C8uWd+8Ii9rROdgWxQuGoJ9WDXxfk=
github.com/go-gl/gl v0.0.0-20211210172815-726fda9656d6/go.mod h1:9YTyiznxEY1fVinfM7RvRcjRHbw2xLBJ3AAGIT0I4Nw=
github.com/go-gl/glfw/v3.3/glfw v0.0.0-20200707082815-5321531c36a2/go.mod h1:tQ2UAYgL5IevRw8kRxooKSPJfGvJ9fJQFa0TUsXzTg8=
github.com/go-gl/glfw/v3.3/glfw v0.0.0-20211213063430-748e38ca8aec h1:3FLiRYO6PlQFDpUU7OEFlWgjGD1jnBIVSJ5SYRWk+9c=
github.com/go-gl/glfw/v3.3/glfw v0.0.0-20211213063430-748e38ca8aec/go.mod h1:tQ2UAYgL5IevRw8kRxooKSPJfGvJ9fJQFa0TUsXzTg8=
github.com/go-gl/mathgl v1.0.0 h1:t9DznWJlXxxjeeKLIdovCOVJQk/GzDEL7h/h+Ro2B68=
github.com/go-gl/mathgl v1.0.0/go.mod h1:yhpkQzEiH9yPyxDUGzkmgScbaBVlhC06qodikEM0ZwQ=
github.com/gopherjs/gopherjs v0.0.0-20200217142428-fce0ec30dd00/go.mod h1:wJfORRmW1u3UXTncJ5qlYoELFm8eSnnEO6hX4iZ3EWY=
github.com/gopherjs/gopherjs v0.0.0-20220104163920-15ed2e8cf2bd h1:D/H64OK+VY7O0guGbCQaFKwAZlU5t764R++kgIdAGog=
github.com/gopherjs/gopherjs v0.0.0-20220104163920-15ed2e8cf2bd/go.mod h1:cz9oNYuRUWGdHmLF2IodMLkAhcPtXeULvcBNagUrxTI=
github.com/ungerik/go3d v0.0.0-20220112162149-77a75dbba58f h1:Ir3dxlv5/KlK/6fvW0LkdeKU3jSNiL7Mq/QX3Ls8Y04=
github.com/ungerik/go3d v0.0.0-20220112162149-77a75dbba58f/go.mod h1:ipEjrk2uLK4xX8ivWBPIVOD0fMtKyPI0strluUfIlYQ=
github.com/unitoftime/ecs v0.0.0-20220106201602-483947205a7e h1:RJk7hCQRSDmMUKjsvpp+a72viEZsCiRxIRBu5vOUTFc=
github.com/unitoftime/ecs v0.0.0-20220106201602-483947205a7e/go.mod h1:873d7qy6W9H0GsBWLfpnohI3Bv6j90WreOgoq8HAUGo=
github.com/unitoftime/flow v0.0.0-20220106201624-fb7dea4d05f2 h1:tPWRm4/f7dLKsPztJNVnImzi7bx6QeUG54ZKqehPp4I=
github.com/unitoftime/flow v0.0.0-20220106201624-fb7dea4d05f2/go.mod h1:qAHK1zedYTUFZmQKIR8f1hyQySs174LG7S+Jfj8xiNA=
github.com/unitoftime/gl v0.0.0-20220107174509-daad0eee0d12 h1:M7OQv3VNQVHO9DkTuddhbluKXdTKaLyopoc5JAokY1g=
github.com/unitoftime/gl v0.0.0-20220107174509-daad0eee0d12/go.mod h1:4JBAaROylyhZ8mnz4B+rZJKHfHW8TdZHdW3rV8/Ln+A=
github.com/unitoftime/gl v0.0.0-20220202134755-7438903f692c h1:pVdq09hNLDsUR8GsT4K5ZFgYOyw43nb6hlaX4hS2enU=
github.com/unitoftime/gl v0.0.0-20220202134755-7438903f692c/go.mod h1:4JBAaROylyhZ8mnz4B+rZJKHfHW8TdZHdW3rV8/Ln+A=
github.com/unitoftime/glfw v0.0.0-20211214004214-579be7093d5c h1:aAqqHLhdwZZritWV2E7ynjMQfMD7i49C/pL9vaUrVow=
github.com/unitoftime/glfw v0.0.0-20211214004214-579be7093d5c/go.mod h1:2Yk3VoyykBgHhxlEd/EGpxbIsduXvUq6GwoUdJNaVXw=
github.com/unitoftime/glitch v0.0.0-20220202135217-823d38844566 h1:bgdPrLi7FPOi0RWij9RXP4TER45Tc6LwS5nL7S5OC+8=
github.com/unitoftime/glitch v0.0.0-20220202135217-823d38844566/go.mod h1:GtQWavgDrZP3I3gwOtAiXOCWwd14I2yaCS+c+kgPoBc=
github.com/unitoftime/packer v0.0.0-20211214011341-d04bb2072d16 h1:RDQN8w0cuU5Uwj20R86ixrHCkXMjzXTGUiJfELS5PM0=
github.com/unitoftime/packer v0.0.0-20211214011341-d04bb2072d16/go.mod h1:cg1sKiq1hRRIz9UWEAanHvwLloDU0ESTy0TGaTL7530=
github.com/unitoftime/packer v0.0.0-20220105185326-f541e031de11 h1:9s71aRCfw8rycn/b+t7aWGbsmJz7jCylWGr7r4xwoV8=
github.com/unitoftime/packer v0.0.0-20220105185326-f541e031de11/go.mod h1:x6IcVVrbVuX1lJo6tJHBUC3ym+5Ssf/sxqcXPCKwXXs=
golang.org/x/image v0.0.0-20190321063152-3fc05d484e9f/go.mod h1:kZ7UVZpmo3dzQBMxlp+ypCbDeSB+sBbTgSJuh5dn5js=
golang.org/x/image v0.0.0-20211028202545-6944b10bf410 h1:hTftEOvwiOq2+O8k2D5/Q7COC7k5Qcrgc2TFURJYnvQ=
golang.org/x/image v0.0.0-20211028202545-6944b10bf410/go.mod h1:023OzeP/+EPmXeapQh35lcL3II3LrY8Ic+EFFKVhULM=
golang.org/x/text v0.3.0/go.mod h1:NqM8EUOU14njkJ3fqMW+pc6Ldnwhi/IjpwHt7yyuwOQ=
golang.org/x/text v0.3.6/go.mod h1:5Zoc/QRtKVWzQhOtBMvqHzDpF6irO9z98xDceosuGiQ=
golang.org/x/tools v0.0.0-20180917221912-90fa682c2a6e/go.mod h1:n7NCudcB/nEzxVGmLbDWY5pfWTLqBcC2KZ6jyYvM4mQ=
honnef.co/go/js/dom v0.0.0-20200509013220-d4405f7ab4d8/go.mod h1:sUMDUKNB2ZcVjt92UnLy3cdGs+wDAcrPdV3JP6sVgA4=
honnef.co/go/js/dom v0.0.0-20210725211120-f030747120f2 h1:oomkgU6VaQDsV6qZby2uz1Lap0eXmku8+2em3A/l700=
honnef.co/go/js/dom v0.0.0-20210725211120-f030747120f2/go.mod h1:sUMDUKNB2ZcVjt92UnLy3cdGs+wDAcrPdV3JP6sVgA4=
